
Microsoft Visual Studio Solution File, Format Version 12.00
# Visual Studio Version 17
VisualStudioVersion = 17.3.32922.545
MinimumVisualStudioVersion = 10.0.40219.1
Project("{9A19103F-16F7-4668-BE54-9A1E7A4F7556}") = "M02_HelloWorld", "HelloWorld\M02_HelloWorld.csproj", "{849ADFEE-2960-4468-9872-A6F7FA1771B5}"
EndProject
Project("{9A19103F-16F7-4668-BE54-9A1E7A4F7556}") = "L02_Geschwindigkeiten", "Geschwindigkeiten\L02_Geschwindigkeiten.csproj", "{0AA3855B-D431-44DC-A4E1-FDBF1EAB20E5}"
EndProject
Project("{9A19103F-16F7-4668-BE54-9A1E7A4F7556}") = "M03_Arrays_Bedingungen", "Arrays_Bedingungen\M03_Arrays_Bedingungen.csproj", "{9E42AA37-14C9-487C-97E2-215D212434F6}"
EndProject
Project("{9A19103F-16F7-4668-BE54-9A1E7A4F7556}") = "L03_Schaltjahrrechner_MiniLotto", "Schaltjahrrechner_MiniLotto\L03_Schaltjahrrechner_MiniLotto.csproj", "{BA71581C-9D27-4525-BCA3-E977129B8C2A}"
EndProject
Project("{9A19103F-16F7-4668-BE54-9A1E7A4F7556}") = "M04_Schleifen_Enums", "Schleifen_Enums\M04_Schleifen_Enums.csproj", "{706448B4-240F-4896-B2D4-9766D2F8FC82}"
EndProject
Project("{9A19103F-16F7-4668-BE54-9A1E7A4F7556}") = "L04f_Taschenrechner", "Taschenrechner\L04f_Taschenrechner.csproj", "{6C47009D-6AA8-47E7-995A-E999F418D962}"
EndProject
Project("{9A19103F-16F7-4668-BE54-9A1E7A4F7556}") = "M05_Funktionen", "Funktionen\M05_Funktionen.csproj", "{8F8F3B0A-3FDD-42F7-B496-5EDDB8360778}"
EndProject
Project("{9A19103F-16F7-4668-BE54-9A1E7A4F7556}") = "M06f_Teste_OOP", "Teste_OOP\M06f_Teste_OOP.csproj", "{6B98FCE4-0856-4A8E-88C3-272B69F64166}"
EndProject
Project("{9A19103F-16F7-4668-BE54-9A1E7A4F7556}") = "M06f_OOP_Beispiel", "OOP_Beispiel\M06f_OOP_Beispiel.csproj", "{8153C578-23D1-4621-8ED7-A9364A6AC508}"
EndProject
Project("{9A19103F-16F7-4668-BE54-9A1E7A4F7556}") = "L06f_Fahrzeugpark", "Fahrzeugpark\L06f_Fahrzeugpark.csproj", "{1323A64C-D085-489F-9D73-E340848117D8}"
EndProject
Project("{9A19103F-16F7-4668-BE54-9A1E7A4F7556}") = "M07_Werte_VS_Referenzen", "Werte_VS_Referenzen\M07_Werte_VS_Referenzen.csproj", "{073DA2CD-7CD2-4977-BA83-1E4F1CC7C98E}"
EndProject
Project("{9A19103F-16F7-4668-BE54-9A1E7A4F7556}") = "M11_GenerischeListen", "GenerischeListen\M11_GenerischeListen.csproj", "{D277399B-9067-4982-B5DA-87B21C1E48A4}"
EndProject
Project("{FAE04EC0-301F-11D3-BF4B-00C04F79EFBC}") = "M12_ExceptionHandling", "ExceptionHandling\M12_ExceptionHandling.csproj", "{66792D39-DB1F-4400-B10D-34136720BC97}"
EndProject
Project("{FAE04EC0-301F-11D3-BF4B-00C04F79EFBC}") = "M12_UnitTests", "UnitTests\M12_UnitTests.csproj", "{A5602DFA-58B1-40B4-BC3C-C0AABDDAD627}"
EndProject
Project("{FAE04EC0-301F-11D3-BF4B-00C04F79EFBC}") = "L12_Fehlersuche", "Fehlersuche\L12_Fehlersuche.csproj", "{A5771E62-C1C0-4913-9B1B-B4FDE6467FC5}"
EndProject
Project("{FAE04EC0-301F-11D3-BF4B-00C04F79EFBC}") = "M13_Delegates", "Delegates\M13_Delegates.csproj", "{573CE3D9-1448-49C9-8BAC-9C614C398A68}"
EndProject
Project("{FAE04EC0-301F-11D3-BF4B-00C04F79EFBC}") = "M14_GUI-Beispiel", "GUI-Beispiel\M14_GUI-Beispiel.csproj", "{1C4DCC0F-E05B-47FF-98E1-24D46F214161}"
EndProject
Project("{FAE04EC0-301F-11D3-BF4B-00C04F79EFBC}") = "L14_FahrzeugGUI", "FahrzeugGUI\L14_FahrzeugGUI.csproj", "{BC457486-11EE-4E6A-ACA8-2F1DB1B17FE7}"
EndProject
Project("{FAE04EC0-301F-11D3-BF4B-00C04F79EFBC}") = "M15_Dateizugriff", "Dateizugriff\M15_Dateizugriff.csproj", "{B27445BB-E476-4802-8DFA-6347525F9439}"
EndProject
Global
	GlobalSection(SolutionConfigurationPlatforms) = preSolution
		Debug|Any CPU = Debug|Any CPU
		Release|Any CPU = Release|Any CPU
	EndGlobalSection
	GlobalSection(ProjectConfigurationPlatforms) = postSolution
		{849ADFEE-2960-4468-9872-A6F7FA1771B5}.Debug|Any CPU.ActiveCfg = Debug|Any CPU
		{849ADFEE-2960-4468-9872-A6F7FA1771B5}.Debug|Any CPU.Build.0 = Debug|Any CPU
		{849ADFEE-2960-4468-9872-A6F7FA1771B5}.Release|Any CPU.ActiveCfg = Release|Any CPU
		{849ADFEE-2960-4468-9872-A6F7FA1771B5}.Release|Any CPU.Build.0 = Release|Any CPU
		{0AA3855B-D431-44DC-A4E1-FDBF1EAB20E5}.Debug|Any CPU.ActiveCfg = Debug|Any CPU
		{0AA3855B-D431-44DC-A4E1-FDBF1EAB20E5}.Debug|Any CPU.Build.0 = Debug|Any CPU
		{0AA3855B-D431-44DC-A4E1-FDBF1EAB20E5}.Release|Any CPU.ActiveCfg = Release|Any CPU
		{0AA3855B-D431-44DC-A4E1-FDBF1EAB20E5}.Release|Any CPU.Build.0 = Release|Any CPU
		{9E42AA37-14C9-487C-97E2-215D212434F6}.Debug|Any CPU.ActiveCfg = Debug|Any CPU
		{9E42AA37-14C9-487C-97E2-215D212434F6}.Debug|Any CPU.Build.0 = Debug|Any CPU
		{9E42AA37-14C9-487C-97E2-215D212434F6}.Release|Any CPU.ActiveCfg = Release|Any CPU
		{9E42AA37-14C9-487C-97E2-215D212434F6}.Release|Any CPU.Build.0 = Release|Any CPU
		{BA71581C-9D27-4525-BCA3-E977129B8C2A}.Debug|Any CPU.ActiveCfg = Debug|Any CPU
		{BA71581C-9D27-4525-BCA3-E977129B8C2A}.Debug|Any CPU.Build.0 = Debug|Any CPU
		{BA71581C-9D27-4525-BCA3-E977129B8C2A}.Release|Any CPU.ActiveCfg = Release|Any CPU
		{BA71581C-9D27-4525-BCA3-E977129B8C2A}.Release|Any CPU.Build.0 = Release|Any CPU
		{706448B4-240F-4896-B2D4-9766D2F8FC82}.Debug|Any CPU.ActiveCfg = Debug|Any CPU
		{706448B4-240F-4896-B2D4-9766D2F8FC82}.Debug|Any CPU.Build.0 = Debug|Any CPU
		{706448B4-240F-4896-B2D4-9766D2F8FC82}.Release|Any CPU.ActiveCfg = Release|Any CPU
		{706448B4-240F-4896-B2D4-9766D2F8FC82}.Release|Any CPU.Build.0 = Release|Any CPU
		{6C47009D-6AA8-47E7-995A-E999F418D962}.Debug|Any CPU.ActiveCfg = Debug|Any CPU
		{6C47009D-6AA8-47E7-995A-E999F418D962}.Debug|Any CPU.Build.0 = Debug|Any CPU
		{6C47009D-6AA8-47E7-995A-E999F418D962}.Release|Any CPU.ActiveCfg = Release|Any CPU
		{6C47009D-6AA8-47E7-995A-E999F418D962}.Release|Any CPU.Build.0 = Release|Any CPU
		{8F8F3B0A-3FDD-42F7-B496-5EDDB8360778}.Debug|Any CPU.ActiveCfg = Debug|Any CPU
		{8F8F3B0A-3FDD-42F7-B496-5EDDB8360778}.Debug|Any CPU.Build.0 = Debug|Any CPU
		{8F8F3B0A-3FDD-42F7-B496-5EDDB8360778}.Release|Any CPU.ActiveCfg = Release|Any CPU
		{8F8F3B0A-3FDD-42F7-B496-5EDDB8360778}.Release|Any CPU.Build.0 = Release|Any CPU
		{6B98FCE4-0856-4A8E-88C3-272B69F64166}.Debug|Any CPU.ActiveCfg = Debug|Any CPU
		{6B98FCE4-0856-4A8E-88C3-272B69F64166}.Debug|Any CPU.Build.0 = Debug|Any CPU
		{6B98FCE4-0856-4A8E-88C3-272B69F64166}.Release|Any CPU.ActiveCfg = Release|Any CPU
		{6B98FCE4-0856-4A8E-88C3-272B69F64166}.Release|Any CPU.Build.0 = Release|Any CPU
		{8153C578-23D1-4621-8ED7-A9364A6AC508}.Debug|Any CPU.ActiveCfg = Debug|Any CPU
		{8153C578-23D1-4621-8ED7-A9364A6AC508}.Debug|Any CPU.Build.0 = Debug|Any CPU
		{8153C578-23D1-4621-8ED7-A9364A6AC508}.Release|Any CPU.ActiveCfg = Release|Any CPU
		{8153C578-23D1-4621-8ED7-A9364A6AC508}.Release|Any CPU.Build.0 = Release|Any CPU
		{1323A64C-D085-489F-9D73-E340848117D8}.Debug|Any CPU.ActiveCfg = Debug|Any CPU
		{1323A64C-D085-489F-9D73-E340848117D8}.Debug|Any CPU.Build.0 = Debug|Any CPU
		{1323A64C-D085-489F-9D73-E340848117D8}.Release|Any CPU.ActiveCfg = Release|Any CPU
		{1323A64C-D085-489F-9D73-E340848117D8}.Release|Any CPU.Build.0 = Release|Any CPU
		{073DA2CD-7CD2-4977-BA83-1E4F1CC7C98E}.Debug|Any CPU.ActiveCfg = Debug|Any CPU
		{073DA2CD-7CD2-4977-BA83-1E4F1CC7C98E}.Debug|Any CPU.Build.0 = Debug|Any CPU
		{073DA2CD-7CD2-4977-BA83-1E4F1CC7C98E}.Release|Any CPU.ActiveCfg = Release|Any CPU
		{073DA2CD-7CD2-4977-BA83-1E4F1CC7C98E}.Release|Any CPU.Build.0 = Release|Any CPU
		{D277399B-9067-4982-B5DA-87B21C1E48A4}.Debug|Any CPU.ActiveCfg = Debug|Any CPU
		{D277399B-9067-4982-B5DA-87B21C1E48A4}.Debug|Any CPU.Build.0 = Debug|Any CPU
		{D277399B-9067-4982-B5DA-87B21C1E48A4}.Release|Any CPU.ActiveCfg = Release|Any CPU
		{D277399B-9067-4982-B5DA-87B21C1E48A4}.Release|Any CPU.Build.0 = Release|Any CPU
		{66792D39-DB1F-4400-B10D-34136720BC97}.Debug|Any CPU.ActiveCfg = Debug|Any CPU
		{66792D39-DB1F-4400-B10D-34136720BC97}.Debug|Any CPU.Build.0 = Debug|Any CPU
		{66792D39-DB1F-4400-B10D-34136720BC97}.Release|Any CPU.ActiveCfg = Release|Any CPU
		{66792D39-DB1F-4400-B10D-34136720BC97}.Release|Any CPU.Build.0 = Release|Any CPU
		{A5602DFA-58B1-40B4-BC3C-C0AABDDAD627}.Debug|Any CPU.ActiveCfg = Debug|Any CPU
		{A5602DFA-58B1-40B4-BC3C-C0AABDDAD627}.Debug|Any CPU.Build.0 = Debug|Any CPU
		{A5602DFA-58B1-40B4-BC3C-C0AABDDAD627}.Release|Any CPU.ActiveCfg = Release|Any CPU
		{A5602DFA-58B1-40B4-BC3C-C0AABDDAD627}.Release|Any CPU.Build.0 = Release|Any CPU
		{A5771E62-C1C0-4913-9B1B-B4FDE6467FC5}.Debug|Any CPU.ActiveCfg = Debug|Any CPU
		{A5771E62-C1C0-4913-9B1B-B4FDE6467FC5}.Debug|Any CPU.Build.0 = Debug|Any CPU
		{A5771E62-C1C0-4913-9B1B-B4FDE6467FC5}.Release|Any CPU.ActiveCfg = Release|Any CPU
		{A5771E62-C1C0-4913-9B1B-B4FDE6467FC5}.Release|Any CPU.Build.0 = Release|Any CPU
		{573CE3D9-1448-49C9-8BAC-9C614C398A68}.Debug|Any CPU.ActiveCfg = Debug|Any CPU
		{573CE3D9-1448-49C9-8BAC-9C614C398A68}.Debug|Any CPU.Build.0 = Debug|Any CPU
		{573CE3D9-1448-49C9-8BAC-9C614C398A68}.Release|Any CPU.ActiveCfg = Release|Any CPU
		{573CE3D9-1448-49C9-8BAC-9C614C398A68}.Release|Any CPU.Build.0 = Release|Any CPU
		{1C4DCC0F-E05B-47FF-98E1-24D46F214161}.Debug|Any CPU.ActiveCfg = Debug|Any CPU
		{1C4DCC0F-E05B-47FF-98E1-24D46F214161}.Debug|Any CPU.Build.0 = Debug|Any CPU
		{1C4DCC0F-E05B-47FF-98E1-24D46F214161}.Release|Any CPU.ActiveCfg = Release|Any CPU
		{1C4DCC0F-E05B-47FF-98E1-24D46F214161}.Release|Any CPU.Build.0 = Release|Any CPU
		{BC457486-11EE-4E6A-ACA8-2F1DB1B17FE7}.Debug|Any CPU.ActiveCfg = Debug|Any CPU
		{BC457486-11EE-4E6A-ACA8-2F1DB1B17FE7}.Debug|Any CPU.Build.0 = Debug|Any CPU
		{BC457486-11EE-4E6A-ACA8-2F1DB1B17FE7}.Release|Any CPU.ActiveCfg = Release|Any CPU
		{BC457486-11EE-4E6A-ACA8-2F1DB1B17FE7}.Release|Any CPU.Build.0 = Release|Any CPU
		{B27445BB-E476-4802-8DFA-6347525F9439}.Debug|Any CPU.ActiveCfg = Debug|Any CPU
		{B27445BB-E476-4802-8DFA-6347525F9439}.Debug|Any CPU.Build.0 = Debug|Any CPU
		{B27445BB-E476-4802-8DFA-6347525F9439}.Release|Any CPU.ActiveCfg = Release|Any CPU
		{B27445BB-E476-4802-8DFA-6347525F9439}.Release|Any CPU.Build.0 = Release|Any CPU
	EndGlobalSection
	GlobalSection(SolutionProperties) = preSolution
		HideSolutionNode = FALSE
	EndGlobalSection
	GlobalSection(ExtensibilityGlobals) = postSolution
		SolutionGuid = {7BBFD6EE-23F3-440B-B2DC-72122CB8901A}
	EndGlobalSection
EndGlobal
